<?xml version="1.0" encoding="UTF-8" standalone="yes" ?>
<CodeBlocks_project_file>
	<FileVersion major="1" minor="6" />
	<Project>
		<Option title="SFML Sidescroller" />
		<Option pch_mode="2" />
		<Option compiler="gcc" />
		<Build>
			<Target title="Debug">
				<Option platforms="Unix;" />
				<Option output="bin\Debug\SFML Sidescroller" prefix_auto="1" extension_auto="1" />
				<Option object_output="obj\Debug\" />
				<Option type="1" />
				<Option compiler="gcc" />
				<Compiler>
					<Add option="-w" />
					<Add option="-g" />
					<Add option="-DSFML_STATIC" />
					<Add directory="SFML-2.0-rc\include" />
					<Add directory="include" />
					<Add directory="other\Box2Dv2.2.1_linux32\Box2D" />
				</Compiler>
				<Linker>
					<Add library="SFML-2.0-rc\lib\libsfml-system.so" />
					<Add library="SFML-2.0-rc\lib\libsfml-window.so" />
					<Add library="SFML-2.0-rc\lib\libsfml-graphics.so" />
					<Add library="SFML-2.0-rc\lib\libsfml-audio.so" />
					<Add library="SFML-2.0-rc\lib\libsfml-network.so" />
					<Add library="other\Box2Dv2.2.1_linux32\Box2D\libBox2D.a" />
					<Add library="Data\Libraries_linux32\liblua5.1.so" />
					<Add directory="SFML-2.0-rc\lib" />
					<Add directory="other\Box2Dv2.2.1_linux32\Box2D" />
				</Linker>
				<ExtraCommands>
					<Add after="cp -R Data bin/Debug;" />
					<Add after="rm -R bin/Debug/Data/Libraries_linux64;" />
					<Mode after="always" />
				</ExtraCommands>
			</Target>
			<Target title="Release">
				<Option platforms="Unix;" />
				<Option output="bin\Release\SFML Sidescroller" prefix_auto="1" extension_auto="1" />
				<Option object_output="obj\Release\" />
				<Option type="1" />
				<Option compiler="gcc" />
				<Option use_console_runner="0" />
				<Compiler>
					<Add option="-Os" />
					<Add option="-O3" />
					<Add option="-O2" />
					<Add option="-O1" />
					<Add option="-O" />
					<Add option="-w" />
					<Add option="-DSFML_STATIC" />
					<Add directory="SFML-2.0-rc\include" />
					<Add directory="include" />
					<Add directory="other\Box2Dv2.2.1_linux32\Box2D" />
				</Compiler>
				<Linker>
					<Add option="-s" />
					<Add library="SFML-2.0-rc\lib\libsfml-audio.so" />
					<Add library="SFML-2.0-rc\lib\libsfml-graphics.so" />
					<Add library="SFML-2.0-rc\lib\libsfml-network.so" />
					<Add library="SFML-2.0-rc\lib\libsfml-system.so" />
					<Add library="SFML-2.0-rc\lib\libsfml-window.so" />
					<Add library="other\Box2Dv2.2.1_linux32\Box2D\libBox2D.a" />
					<Add library="Data\Libraries_linux32\liblua5.1.so" />
					<Add directory="SFML-2.0-rc\lib" />
					<Add directory="other\Box2Dv2.2.1_linux32\Box2D" />
				</Linker>
				<ExtraCommands>
					<Add after="cp -R Data bin/Release;" />
					<Add after="rm -R bin/Release/Data/Libraries_linux64;" />
					<Mode after="always" />
				</ExtraCommands>
			</Target>
			<Target title="Debug64">
				<Option platforms="Unix;" />
				<Option output="bin\Debug64\SFML Sidescroller" prefix_auto="1" extension_auto="1" />
				<Option object_output="obj\Debug64\" />
				<Option type="1" />
				<Option compiler="gcc" />
				<Compiler>
					<Add option="-std=c++0x" />
					<Add option="-g" />
					<Add option="-std=c++0x -U__STRICT_ANSI__" />
					<Add option="-DSFML_STATIC" />
					<Add directory="include" />
					<Add directory="SFML-2.0-rc_64 Bit\include" />
					<Add directory="other\Box2D_v2.2.1_linux64\Box2D" />
				</Compiler>
				<Linker>
					<Add option="-lsfml-graphics" />
					<Add option="-lsfml-window" />
					<Add option="-lsfml-system" />
					<Add option="-lboost_system" />
					<Add option="-lboost_filesystem" />
					<Add library="SFML-2.0-rc_64 Bit\lib\libsfml-system.so" />
					<Add library="SFML-2.0-rc_64 Bit\lib\libsfml-window.so" />
					<Add library="SFML-2.0-rc_64 Bit\lib\libsfml-graphics.so" />
					<Add library="SFML-2.0-rc_64 Bit\lib\libsfml-audio.so" />
					<Add library="SFML-2.0-rc_64 Bit\lib\libsfml-network.so" />
					<Add library="other\Box2D_v2.2.1_linux64\Box2D\libBox2D.a" />
					<Add library="Data\Libraries_linux64\liblua5.1.so" />
					<Add directory="SFML-2.0-rc_64 Bit\lib" />
					<Add directory="other\Box2D_v2.2.1_linux64\Box2D" />
				</Linker>
				<ExtraCommands>
					<Add after="cp -R Data bin/Debug64;" />
					<Add after="rm -R bin/Debug64/Data/Libraries_linux32;" />
					<Mode after="always" />
				</ExtraCommands>
			</Target>
			<Target title="Release64">
				<Option platforms="Unix;" />
				<Option output="bin\Release64\SFML Sidescroller" prefix_auto="1" extension_auto="1" />
				<Option object_output="obj\Release64\" />
				<Option type="1" />
				<Option compiler="gcc" />
				<Option use_console_runner="0" />
				<Compiler>
					<Add option="-O3" />
					<Add option="-O2" />
					<Add option="-O1" />
					<Add option="-O" />
					<Add option="-std=c++0x" />
					<Add option="-std=c++0x -U__STRICT_ANSI__" />
					<Add option="-DSFML_STATIC" />
					<Add directory="SFML-2.0-rc_64 Bit\include" />
					<Add directory="include" />
					<Add directory="other\Box2D_v2.2.1_linux64\Box2D" />
				</Compiler>
				<Linker>
					<Add option="-s" />
					<Add option="-lsfml-graphics" />
					<Add option="-lsfml-window" />
					<Add option="-lsfml-system" />
					<Add option="-lboost_system" />
					<Add option="-lboost_filesystem" />
					<Add library="other\Box2D_v2.2.1_linux64\Box2D\libBox2D.a" />
					<Add library="Data\Libraries_linux64\liblua5.1.so" />
					<Add library="Data\Libraries_linux64\libsfml-audio.so.2" />
					<Add library="Data\Libraries_linux64\libsfml-graphics.so.2" />
					<Add library="Data\Libraries_linux64\libsfml-network.so.2" />
					<Add library="Data\Libraries_linux64\libsfml-system.so.2" />
					<Add library="Data\Libraries_linux64\libsfml-window.so.2" />
					<Add directory="other\Box2D_v2.2.1_linux64\Box2D" />
					<Add directory="Data\Libraries_linux64" />
				</Linker>
				<ExtraCommands>
					<Add after="cp -R Data bin/Release64;" />
					<Add after="rm -R bin/Release64/Data/Libraries_linux32;" />
					<Mode after="always" />
				</ExtraCommands>
			</Target>
			<Target title="WinDebug">
				<Option platforms="Windows;" />
				<Option output="bin\winDebug\SFML Sidescroller" prefix_auto="1" extension_auto="1" />
				<Option object_output="obj\winDebug" />
				<Option type="1" />
				<Option compiler="gcc" />
				<Compiler>
					<Add option="-std=c++0x" />
					<Add option="-DSFML_STATIC" />
					<Add directory="SFML-2.0-rc_WIN\include" />
					<Add directory="include" />
					<Add directory="other\Box2D_v2.2.1_win\Box2D" />
				</Compiler>
				<Linker>
					<Add option="-s" />
					<Add option="-lsfml-graphics-s" />
					<Add option="-lsfml-window-s" />
					<Add option="-lsfml-audio-s" />
					<Add option="-lsfml-system-s" />
					<Add library="SFML-2.0-rc_WIN\lib\libsfml-audio.a" />
					<Add library="SFML-2.0-rc_WIN\lib\libsfml-graphics.a" />
					<Add library="SFML-2.0-rc_WIN\lib\libsfml-main.a" />
					<Add library="SFML-2.0-rc_WIN\lib\libsfml-network.a" />
					<Add library="SFML-2.0-rc_WIN\lib\libsfml-system.a" />
					<Add library="SFML-2.0-rc_WIN\lib\libsfml-window.a" />
					<Add library="other\Box2D_v2.2.1_win\Box2D\libBox2D.a" />
					<Add library="SFML-2.0-rc_WIN\lib\lua5.1.lib" />
					<Add library="SFML-2.0-rc_WIN\lib\lua51.lib" />
					<Add directory="SFML-2.0-rc_WIN\lib" />
				</Linker>
				<ExtraCommands>
					<Add after='XCOPY &quot;SFML-2.0-rc_WIN\bin&quot; &quot;bin/winDebug&quot; /H /S /E /Q /Y /I' />
					<Add after='XCOPY &quot;Data&quot; &quot;bin/winDebug/Data&quot; /H /S /E /Q /Y /I' />
					<Mode after="always" />
				</ExtraCommands>
			</Target>
			<Target title="WinRelease">
				<Option platforms="Windows;" />
				<Option output="bin\winRelease\SFML Sidescroller" prefix_auto="1" extension_auto="1" />
				<Option object_output="obj\winRelease" />
				<Option type="0" />
				<Option compiler="gcc" />
				<Compiler>
					<Add option="-O3" />
					<Add option="-O" />
					<Add option="-std=c++0x" />
					<Add option="-DSFML_STATIC" />
					<Add directory="SFML-2.0-rc_WIN\include" />
					<Add directory="include" />
					<Add directory="other\Box2D_v2.2.1_win\Box2D" />
				</Compiler>
				<Linker>
					<Add option="-s" />
					<Add option="-lsfml-graphics-s" />
					<Add option="-lsfml-window-s" />
					<Add option="-lsfml-audio-s" />
					<Add option="-lsfml-system-s" />
					<Add option="-static" />
					<Add library="SFML-2.0-rc_WIN\lib\libsfml-audio.a" />
					<Add library="SFML-2.0-rc_WIN\lib\libsfml-graphics.a" />
					<Add library="SFML-2.0-rc_WIN\lib\libsfml-main.a" />
					<Add library="SFML-2.0-rc_WIN\lib\libsfml-network.a" />
					<Add library="SFML-2.0-rc_WIN\lib\libsfml-system.a" />
					<Add library="SFML-2.0-rc_WIN\lib\libsfml-window.a" />
					<Add library="other\Box2D_v2.2.1_win\Box2D\libBox2D.a" />
					<Add library="SFML-2.0-rc_WIN\lib\lua5.1.lib" />
					<Add library="SFML-2.0-rc_WIN\lib\lua51.lib" />
					<Add directory="SFML-2.0-rc_WIN\lib" />
				</Linker>
				<ExtraCommands>
					<Add after='XCOPY &quot;Data&quot; &quot;bin/winRelease/Data&quot; /H /S /E /Q /Y /I' />
					<Add after='XCOPY &quot;SFML-2.0-rc_WIN\bin&quot; &quot;bin/winRelease&quot; /H /S /E /Q /Y /I' />
					<Add after='cmd /C &quot;rd /q /s bin\winRelease\Data\Textures\Development&quot;' />
					<Add after='cmd /C &quot;rd /q /s bin\winRelease\Data\Libraries_linux64&quot;' />
					<Add after='cmd /C &quot;rd /q /s bin\winRelease\Data\Libraries_linux32&quot;' />
					<Mode after="always" />
				</ExtraCommands>
			</Target>
		</Build>
		<Compiler>
			<Add option="-Wall" />
		</Compiler>
		<Unit filename="include\CApp\CApp.h" />
		<Unit filename="include\CBackgroundMusic.h" />
		<Unit filename="include\CBackground\CBackground.h" />
		<Unit filename="include\CConfig.h" />
		<Unit filename="include\CMenu.h" />
		<Unit filename="include\CMenu\Button.h" />
		<Unit filename="include\CMenu\CContainer.h" />
		<Unit filename="include\CMenu\CContainerManager.h" />
		<Unit filename="include\CMenu\Image.h" />
		<Unit filename="include\CMenu\Load.h" />
		<Unit filename="include\CMenu\Slider.h" />
		<Unit filename="include\CMenu\Text.h" />
		<Unit filename="include\CScorePopup.h" />
		<Unit filename="include\CSingleton.h" />
		<Unit filename="include\CSoundEffect.h" />
		<Unit filename="include\Container\CAsteroidContainer.h" />
		<Unit filename="include\Container\CBulletContainer.h" />
		<Unit filename="include\Diluculum\CppObject.hpp" />
		<Unit filename="include\Diluculum\LuaExceptions.hpp" />
		<Unit filename="include\Diluculum\LuaFunction.hpp" />
		<Unit filename="include\Diluculum\LuaState.hpp" />
		<Unit filename="include\Diluculum\LuaUserData.hpp" />
		<Unit filename="include\Diluculum\LuaUtils.hpp" />
		<Unit filename="include\Diluculum\LuaValue.hpp" />
		<Unit filename="include\Diluculum\LuaVariable.hpp" />
		<Unit filename="include\Diluculum\LuaWrappers.hpp" />
		<Unit filename="include\Diluculum\Types.hpp" />
		<Unit filename="include\Entity.h" />
		<Unit filename="include\Explosions\CExplosion.h" />
		<Unit filename="include\Explosions\CExplosionManager.h" />
		<Unit filename="include\Explosions\CParticle.h" />
		<Unit filename="include\MD5\hashlibpp.h" />
		<Unit filename="include\MD5\hl_exception.h" />
		<Unit filename="include\MD5\hl_hashwrapper.h" />
		<Unit filename="include\MD5\hl_md5.h" />
		<Unit filename="include\MD5\hl_md5wrapper.h" />
		<Unit filename="include\MD5\hl_sha1.h" />
		<Unit filename="include\MD5\hl_sha1wrapper.h" />
		<Unit filename="include\MD5\hl_sha256.h" />
		<Unit filename="include\MD5\hl_sha256wrapper.h" />
		<Unit filename="include\MD5\hl_sha2ext.h" />
		<Unit filename="include\MD5\hl_sha2mac.h" />
		<Unit filename="include\MD5\hl_sha384wrapper.h" />
		<Unit filename="include\MD5\hl_sha512wrapper.h" />
		<Unit filename="include\MD5\hl_types.h" />
		<Unit filename="include\MD5\hl_wrapperfactory.h" />
		<Unit filename="include\Manager\CFontManager.h" />
		<Unit filename="include\Manager\CPhysicsManager.h" />
		<Unit filename="include\Manager\CPowerupManager.h" />
		<Unit filename="include\Manager\CTextureManager.h" />
		<Unit filename="include\Manager\CWebManager.h" />
		<Unit filename="include\PausableClock.hpp" />
		<Unit filename="include\Player\CPLayer.h" />
		<Unit filename="include\lauxlib.h" />
		<Unit filename="include\lua.h" />
		<Unit filename="include\lua.hpp" />
		<Unit filename="include\luaconf.h" />
		<Unit filename="include\lualib.h" />
		<Unit filename="main.cpp" />
		<Unit filename="other\Box2D_v2.2.1_linux64\Box2D\Box2D.h">
			<Option target="Debug64" />
			<Option target="Release64" />
		</Unit>
		<Unit filename="resource.rc">
			<Option compilerVar="WINDRES" />
		</Unit>
		<Unit filename="src\CApp.cpp" />
		<Unit filename="src\CApp\onEvent.cpp" />
		<Unit filename="src\CApp\onExit.cpp" />
		<Unit filename="src\CApp\onInit.cpp" />
		<Unit filename="src\CApp\onRender.cpp" />
		<Unit filename="src\CApp\onUpdate.cpp" />
		<Unit filename="src\CBackgroundMusic.cpp" />
		<Unit filename="src\CBackground\CBackground.cpp" />
		<Unit filename="src\CConfig.cpp" />
		<Unit filename="src\CMenu\Button.cpp" />
		<Unit filename="src\CMenu\CContainer.cpp" />
		<Unit filename="src\CMenu\CContainerManager.cpp" />
		<Unit filename="src\CMenu\CMenu.cpp" />
		<Unit filename="src\CMenu\CMenu_LoadMenu.cpp" />
		<Unit filename="src\CMenu\CMenu_OnButtonClick.cpp" />
		<Unit filename="src\CMenu\Image.cpp" />
		<Unit filename="src\CMenu\Load.cpp" />
		<Unit filename="src\CMenu\Load\Config.cpp" />
		<Unit filename="src\CMenu\Load\Credits.cpp" />
		<Unit filename="src\CMenu\Load\GameOver.cpp" />
		<Unit filename="src\CMenu\Load\HowTo.cpp" />
		<Unit filename="src\CMenu\Load\MainMenu" />
		<Unit filename="src\CMenu\Load\MainMenu.cpp" />
		<Unit filename="src\CMenu\Load\PauseMenu.cpp" />
		<Unit filename="src\CMenu\Load\ViewHighscores.cpp" />
		<Unit filename="src\CMenu\Slider.cpp" />
		<Unit filename="src\CMenu\Text.cpp" />
		<Unit filename="src\CScorePopup.cpp" />
		<Unit filename="src\CSoundEffect.cpp" />
		<Unit filename="src\Container\CAsteroidContainer.cpp" />
		<Unit filename="src\Container\CBulletContainer.cpp" />
		<Unit filename="src\Entity.cpp" />
		<Unit filename="src\Explosions\CExplosion.cpp" />
		<Unit filename="src\Explosions\CExplosionManager.cpp" />
		<Unit filename="src\Explosions\CParticle.cpp" />
		<Unit filename="src\InternalUtils.cpp" />
		<Unit filename="src\InternalUtils.hpp" />
		<Unit filename="src\LuaExceptions.cpp" />
		<Unit filename="src\LuaFunction.cpp" />
		<Unit filename="src\LuaState.cpp" />
		<Unit filename="src\LuaUserData.cpp" />
		<Unit filename="src\LuaUtils.cpp" />
		<Unit filename="src\LuaValue.cpp" />
		<Unit filename="src\LuaVariable.cpp" />
		<Unit filename="src\LuaWrappers.cpp" />
		<Unit filename="src\MD5\hl_md5.cpp" />
		<Unit filename="src\MD5\hl_md5wrapper.cpp" />
		<Unit filename="src\MD5\hl_sha1.cpp" />
		<Unit filename="src\MD5\hl_sha1wrapper.cpp" />
		<Unit filename="src\MD5\hl_sha256.cpp" />
		<Unit filename="src\MD5\hl_sha256wrapper.cpp" />
		<Unit filename="src\MD5\hl_sha2ext.cpp" />
		<Unit filename="src\MD5\hl_sha384wrapper.cpp" />
		<Unit filename="src\MD5\hl_sha512wrapper.cpp" />
		<Unit filename="src\MD5\hl_wrapperfactory.cpp" />
		<Unit filename="src\Manager\CFontManager.cpp" />
		<Unit filename="src\Manager\CPhysicsManager.cpp" />
		<Unit filename="src\Manager\CPowerupManager.cpp" />
		<Unit filename="src\Manager\CTextureManager.cpp" />
		<Unit filename="src\Manager\CWebManager.cpp" />
		<Unit filename="src\Player\CPLayer.cpp" />
		<Extensions>
			<code_completion />
			<debugger />
			<envvars />
		</Extensions>
	</Project>
</CodeBlocks_project_file>
